Microsoft Visual Studio Solution File, Format Version 12.00
# Visual Studio Version 17
VisualStudioVersion = 17.5.2.0
MinimumVisualStudioVersion = 10.0.40219.1
Project("{FAE04EC0-301F-11D3-BF4B-00C04F79EFBC}") = "WinSweep", "WinSweep.csproj", "{3F9C6DE7-945B-CA63-037C-22798CCA462F}"
EndProject
Global
	GlobalSection(SolutionConfigurationPlatforms) = preSolution
		Debug|Any CPU = Debug|Any CPU
		Release|Any CPU = Release|Any CPU
	EndGlobalSection
	GlobalSection(ProjectConfigurationPlatforms) = postSolution
		{3F9C6DE7-945B-CA63-037C-22798CCA462F}.Debug|Any CPU.ActiveCfg = Debug|Any CPU
		{3F9C6DE7-945B-CA63-037C-22798CCA462F}.Debug|Any CPU.Build.0 = Debug|Any CPU
		{3F9C6DE7-945B-CA63-037C-22798CCA462F}.Release|Any CPU.ActiveCfg = Release|Any CPU
		{3F9C6DE7-945B-CA63-037C-22798CCA462F}.Release|Any CPU.Build.0 = Release|Any CPU
	EndGlobalSection
	GlobalSection(SolutionProperties) = preSolution
		HideSolutionNode = FALSE
	EndGlobalSection
	GlobalSection(ExtensibilityGlobals) = postSolution
		SolutionGuid = {224CFE55-395E-44BF-8983-6640FC3BBDB6}
	EndGlobalSection
EndGlobal
